
Microsoft Visual Studio Solution File, Format Version 12.00
Project("{FAE04EC0-301F-11D3-BF4B-00C04F79EFBC}") = "WeeksPlanning.Migration", "WeeksPlanning.Migration\WeeksPlanning.Migration.csproj", "{E65DEB59-BE51-4852-9DB7-14BAA98E3704}"
EndProject
Project("{2150E333-8FDC-42A3-9474-1A3956D46DE8}") = "Data", "Data", "{6300B247-2925-4332-BC01-575B088F6EC9}"
EndProject
Project("{FAE04EC0-301F-11D3-BF4B-00C04F79EFBC}") = "WeeksPlanning.Core", "WeeksPlanning.Core\WeeksPlanning.Core.csproj", "{80BA65EF-E6A8-4AF5-9BDD-1FA5F4F3373D}"
EndProject
Project("{FAE04EC0-301F-11D3-BF4B-00C04F79EFBC}") = "WeeksPlanning.Repositories", "WeeksPlanning.Repositories\WeeksPlanning.Repositories.csproj", "{38CA422A-0A27-4653-98A0-AE48A6F8248C}"
EndProject
Project("{FAE04EC0-301F-11D3-BF4B-00C04F79EFBC}") = "WeeksPlanning.Services", "WeeksPlanning.Services\WeeksPlanning.Services.csproj", "{2399D579-133F-42CB-AD3F-F6DC28E4E573}"
EndProject
Project("{2150E333-8FDC-42A3-9474-1A3956D46DE8}") = "Frameworks", "Frameworks", "{84629665-5A0B-4B69-BB83-3E91F0A9D1D5}"
EndProject
Project("{FAE04EC0-301F-11D3-BF4B-00C04F79EFBC}") = "Framework", "Framework\Framework\Framework.csproj", "{B21EE847-79EA-498B-8227-A782B7E748E6}"
EndProject
Project("{2150E333-8FDC-42A3-9474-1A3956D46DE8}") = "Entities", "Entities", "{A825BE4E-1C81-4BC4-9256-B933431CB35D}"
EndProject
Project("{FAE04EC0-301F-11D3-BF4B-00C04F79EFBC}") = "WeeksPlanning.EntityDBSpecific", "Entities\DatabaseSpecific\WeeksPlanning.EntityDBSpecific.csproj", "{A93F7C13-A03A-4829-914B-ED5D5A9390F3}"
EndProject
Project("{FAE04EC0-301F-11D3-BF4B-00C04F79EFBC}") = "WeeksPlanning.Entity", "Entities\DatabaseGeneric\WeeksPlanning.Entity.csproj", "{549F305E-FC46-4265-BF3E-0B602CE38477}"
EndProject
Project("{FAE04EC0-301F-11D3-BF4B-00C04F79EFBC}") = "View", "Entities\View\View.csproj", "{5A295306-3A4C-4230-A4C1-92DADB4BDA75}"
EndProject
Project("{FAE04EC0-301F-11D3-BF4B-00C04F79EFBC}") = "View.Persistence", "Entities\View.Persistence\View.Persistence.csproj", "{8C4BE07C-A0E4-474B-8492-90A419014BDB}"
EndProject
Project("{FAE04EC0-301F-11D3-BF4B-00C04F79EFBC}") = "WeeksPlanning.Spa", "WeeksPlanning.Spa\WeeksPlanning.Spa.csproj", "{B241E63D-B00E-4977-94EF-E222BEED447F}"
EndProject
Global
	GlobalSection(SolutionConfigurationPlatforms) = preSolution
		Debug|Any CPU = Debug|Any CPU
		Release|Any CPU = Release|Any CPU
	EndGlobalSection
	GlobalSection(NestedProjects) = preSolution
		{E65DEB59-BE51-4852-9DB7-14BAA98E3704} = {6300B247-2925-4332-BC01-575B088F6EC9}
		{B21EE847-79EA-498B-8227-A782B7E748E6} = {84629665-5A0B-4B69-BB83-3E91F0A9D1D5}
		{A825BE4E-1C81-4BC4-9256-B933431CB35D} = {6300B247-2925-4332-BC01-575B088F6EC9}
		{A93F7C13-A03A-4829-914B-ED5D5A9390F3} = {A825BE4E-1C81-4BC4-9256-B933431CB35D}
		{549F305E-FC46-4265-BF3E-0B602CE38477} = {A825BE4E-1C81-4BC4-9256-B933431CB35D}
		{5A295306-3A4C-4230-A4C1-92DADB4BDA75} = {A825BE4E-1C81-4BC4-9256-B933431CB35D}
		{8C4BE07C-A0E4-474B-8492-90A419014BDB} = {A825BE4E-1C81-4BC4-9256-B933431CB35D}
	EndGlobalSection
	GlobalSection(ProjectConfigurationPlatforms) = postSolution
		{E65DEB59-BE51-4852-9DB7-14BAA98E3704}.Debug|Any CPU.ActiveCfg = Debug|Any CPU
		{E65DEB59-BE51-4852-9DB7-14BAA98E3704}.Debug|Any CPU.Build.0 = Debug|Any CPU
		{E65DEB59-BE51-4852-9DB7-14BAA98E3704}.Release|Any CPU.ActiveCfg = Release|Any CPU
		{E65DEB59-BE51-4852-9DB7-14BAA98E3704}.Release|Any CPU.Build.0 = Release|Any CPU
		{80BA65EF-E6A8-4AF5-9BDD-1FA5F4F3373D}.Debug|Any CPU.ActiveCfg = Debug|Any CPU
		{80BA65EF-E6A8-4AF5-9BDD-1FA5F4F3373D}.Debug|Any CPU.Build.0 = Debug|Any CPU
		{80BA65EF-E6A8-4AF5-9BDD-1FA5F4F3373D}.Release|Any CPU.ActiveCfg = Release|Any CPU
		{80BA65EF-E6A8-4AF5-9BDD-1FA5F4F3373D}.Release|Any CPU.Build.0 = Release|Any CPU
		{38CA422A-0A27-4653-98A0-AE48A6F8248C}.Debug|Any CPU.ActiveCfg = Debug|Any CPU
		{38CA422A-0A27-4653-98A0-AE48A6F8248C}.Debug|Any CPU.Build.0 = Debug|Any CPU
		{38CA422A-0A27-4653-98A0-AE48A6F8248C}.Release|Any CPU.ActiveCfg = Release|Any CPU
		{38CA422A-0A27-4653-98A0-AE48A6F8248C}.Release|Any CPU.Build.0 = Release|Any CPU
		{2399D579-133F-42CB-AD3F-F6DC28E4E573}.Debug|Any CPU.ActiveCfg = Debug|Any CPU
		{2399D579-133F-42CB-AD3F-F6DC28E4E573}.Debug|Any CPU.Build.0 = Debug|Any CPU
		{2399D579-133F-42CB-AD3F-F6DC28E4E573}.Release|Any CPU.ActiveCfg = Release|Any CPU
		{2399D579-133F-42CB-AD3F-F6DC28E4E573}.Release|Any CPU.Build.0 = Release|Any CPU
		{B21EE847-79EA-498B-8227-A782B7E748E6}.Debug|Any CPU.ActiveCfg = Debug|Any CPU
		{B21EE847-79EA-498B-8227-A782B7E748E6}.Debug|Any CPU.Build.0 = Debug|Any CPU
		{B21EE847-79EA-498B-8227-A782B7E748E6}.Release|Any CPU.ActiveCfg = Release|Any CPU
		{B21EE847-79EA-498B-8227-A782B7E748E6}.Release|Any CPU.Build.0 = Release|Any CPU
		{A93F7C13-A03A-4829-914B-ED5D5A9390F3}.Debug|Any CPU.ActiveCfg = Debug|Any CPU
		{A93F7C13-A03A-4829-914B-ED5D5A9390F3}.Debug|Any CPU.Build.0 = Debug|Any CPU
		{A93F7C13-A03A-4829-914B-ED5D5A9390F3}.Release|Any CPU.ActiveCfg = Release|Any CPU
		{A93F7C13-A03A-4829-914B-ED5D5A9390F3}.Release|Any CPU.Build.0 = Release|Any CPU
		{549F305E-FC46-4265-BF3E-0B602CE38477}.Debug|Any CPU.ActiveCfg = Debug|Any CPU
		{549F305E-FC46-4265-BF3E-0B602CE38477}.Debug|Any CPU.Build.0 = Debug|Any CPU
		{549F305E-FC46-4265-BF3E-0B602CE38477}.Release|Any CPU.ActiveCfg = Release|Any CPU
		{549F305E-FC46-4265-BF3E-0B602CE38477}.Release|Any CPU.Build.0 = Release|Any CPU
		{5A295306-3A4C-4230-A4C1-92DADB4BDA75}.Debug|Any CPU.ActiveCfg = Debug|Any CPU
		{5A295306-3A4C-4230-A4C1-92DADB4BDA75}.Debug|Any CPU.Build.0 = Debug|Any CPU
		{5A295306-3A4C-4230-A4C1-92DADB4BDA75}.Release|Any CPU.ActiveCfg = Release|Any CPU
		{5A295306-3A4C-4230-A4C1-92DADB4BDA75}.Release|Any CPU.Build.0 = Release|Any CPU
		{8C4BE07C-A0E4-474B-8492-90A419014BDB}.Debug|Any CPU.ActiveCfg = Debug|Any CPU
		{8C4BE07C-A0E4-474B-8492-90A419014BDB}.Debug|Any CPU.Build.0 = Debug|Any CPU
		{8C4BE07C-A0E4-474B-8492-90A419014BDB}.Release|Any CPU.ActiveCfg = Release|Any CPU
		{8C4BE07C-A0E4-474B-8492-90A419014BDB}.Release|Any CPU.Build.0 = Release|Any CPU
		{B241E63D-B00E-4977-94EF-E222BEED447F}.Debug|Any CPU.ActiveCfg = Debug|Any CPU
		{B241E63D-B00E-4977-94EF-E222BEED447F}.Debug|Any CPU.Build.0 = Debug|Any CPU
		{B241E63D-B00E-4977-94EF-E222BEED447F}.Release|Any CPU.ActiveCfg = Release|Any CPU
		{B241E63D-B00E-4977-94EF-E222BEED447F}.Release|Any CPU.Build.0 = Release|Any CPU
	EndGlobalSection
EndGlobal
