
Microsoft Visual Studio Solution File, Format Version 12.00
Project("{2150E333-8FDC-42A3-9474-1A3956D46DE8}") = "Frontend", "Frontend", "{E2D99B33-35B1-4A00-8B4B-D2DADF966726}"
EndProject
Project("{2150E333-8FDC-42A3-9474-1A3956D46DE8}") = "Backend", "Backend", "{145939D5-9B47-45CE-902B-E9B8BD744850}"
EndProject
Project("{FAE04EC0-301F-11D3-BF4B-00C04F79EFBC}") = "WeeksPlanning.Migration", "WeeksPlanning.Migration\WeeksPlanning.Migration.csproj", "{E65DEB59-BE51-4852-9DB7-14BAA98E3704}"
EndProject
Project("{2150E333-8FDC-42A3-9474-1A3956D46DE8}") = "Entities", "Entities", "{0A215FED-6307-445F-9C9E-0F321C378A65}"
EndProject
Project("{FAE04EC0-301F-11D3-BF4B-00C04F79EFBC}") = "WeeksPlanningDBSpecific", "Entities\DatabaseSpecific\WeeksPlanningDBSpecific.csproj", "{40DBAA8D-2992-412C-B9A3-379065B7ABF0}"
EndProject
Project("{FAE04EC0-301F-11D3-BF4B-00C04F79EFBC}") = "WeeksPlanning", "Entities\DatabaseGeneric\WeeksPlanning.csproj", "{D919A3B9-8F79-4888-998B-C5714F3EB97A}"
EndProject
Project("{FAE04EC0-301F-11D3-BF4B-00C04F79EFBC}") = "WeekPlanning.Api", "WeekPlanning.Api\WeekPlanning.Api.csproj", "{09BB42F9-2B5F-4516-972E-C4558DE3609F}"
EndProject
Project("{2150E333-8FDC-42A3-9474-1A3956D46DE8}") = "Data", "Data", "{6300B247-2925-4332-BC01-575B088F6EC9}"
EndProject
Project("{2150E333-8FDC-42A3-9474-1A3956D46DE8}") = "Framework", "Framework", "{68645836-44B7-49DF-8EA7-7A2D2487F108}"
EndProject
Project("{FAE04EC0-301F-11D3-BF4B-00C04F79EFBC}") = "ORM", "ORM\ORM.csproj", "{01BFBD92-1B4F-4819-8ED6-B9E4D60443FA}"
EndProject
Global
	GlobalSection(SolutionConfigurationPlatforms) = preSolution
		Debug|Any CPU = Debug|Any CPU
		Release|Any CPU = Release|Any CPU
	EndGlobalSection
	GlobalSection(NestedProjects) = preSolution
		{40DBAA8D-2992-412C-B9A3-379065B7ABF0} = {0A215FED-6307-445F-9C9E-0F321C378A65}
		{D919A3B9-8F79-4888-998B-C5714F3EB97A} = {0A215FED-6307-445F-9C9E-0F321C378A65}
		{09BB42F9-2B5F-4516-972E-C4558DE3609F} = {145939D5-9B47-45CE-902B-E9B8BD744850}
		{6300B247-2925-4332-BC01-575B088F6EC9} = {145939D5-9B47-45CE-902B-E9B8BD744850}
		{0A215FED-6307-445F-9C9E-0F321C378A65} = {6300B247-2925-4332-BC01-575B088F6EC9}
		{E65DEB59-BE51-4852-9DB7-14BAA98E3704} = {6300B247-2925-4332-BC01-575B088F6EC9}
		{68645836-44B7-49DF-8EA7-7A2D2487F108} = {145939D5-9B47-45CE-902B-E9B8BD744850}
		{01BFBD92-1B4F-4819-8ED6-B9E4D60443FA} = {68645836-44B7-49DF-8EA7-7A2D2487F108}
	EndGlobalSection
	GlobalSection(ProjectConfigurationPlatforms) = postSolution
		{E65DEB59-BE51-4852-9DB7-14BAA98E3704}.Debug|Any CPU.ActiveCfg = Debug|Any CPU
		{E65DEB59-BE51-4852-9DB7-14BAA98E3704}.Debug|Any CPU.Build.0 = Debug|Any CPU
		{E65DEB59-BE51-4852-9DB7-14BAA98E3704}.Release|Any CPU.ActiveCfg = Release|Any CPU
		{E65DEB59-BE51-4852-9DB7-14BAA98E3704}.Release|Any CPU.Build.0 = Release|Any CPU
		{40DBAA8D-2992-412C-B9A3-379065B7ABF0}.Debug|Any CPU.ActiveCfg = Debug|Any CPU
		{40DBAA8D-2992-412C-B9A3-379065B7ABF0}.Debug|Any CPU.Build.0 = Debug|Any CPU
		{40DBAA8D-2992-412C-B9A3-379065B7ABF0}.Release|Any CPU.ActiveCfg = Release|Any CPU
		{40DBAA8D-2992-412C-B9A3-379065B7ABF0}.Release|Any CPU.Build.0 = Release|Any CPU
		{D919A3B9-8F79-4888-998B-C5714F3EB97A}.Debug|Any CPU.ActiveCfg = Debug|Any CPU
		{D919A3B9-8F79-4888-998B-C5714F3EB97A}.Debug|Any CPU.Build.0 = Debug|Any CPU
		{D919A3B9-8F79-4888-998B-C5714F3EB97A}.Release|Any CPU.ActiveCfg = Release|Any CPU
		{D919A3B9-8F79-4888-998B-C5714F3EB97A}.Release|Any CPU.Build.0 = Release|Any CPU
		{09BB42F9-2B5F-4516-972E-C4558DE3609F}.Debug|Any CPU.ActiveCfg = Debug|Any CPU
		{09BB42F9-2B5F-4516-972E-C4558DE3609F}.Debug|Any CPU.Build.0 = Debug|Any CPU
		{09BB42F9-2B5F-4516-972E-C4558DE3609F}.Release|Any CPU.ActiveCfg = Release|Any CPU
		{09BB42F9-2B5F-4516-972E-C4558DE3609F}.Release|Any CPU.Build.0 = Release|Any CPU
		{01BFBD92-1B4F-4819-8ED6-B9E4D60443FA}.Debug|Any CPU.ActiveCfg = Debug|Any CPU
		{01BFBD92-1B4F-4819-8ED6-B9E4D60443FA}.Debug|Any CPU.Build.0 = Debug|Any CPU
		{01BFBD92-1B4F-4819-8ED6-B9E4D60443FA}.Release|Any CPU.ActiveCfg = Release|Any CPU
		{01BFBD92-1B4F-4819-8ED6-B9E4D60443FA}.Release|Any CPU.Build.0 = Release|Any CPU
	EndGlobalSection
EndGlobal
